
Microsoft Visual Studio Solution File, Format Version 12.00
# Visual Studio 15
VisualStudioVersion = 15.0.27130.2026
MinimumVisualStudioVersion = 10.0.40219.1
Project("{FAE04EC0-301F-11D3-BF4B-00C04F79EFBC}") = "demo", "demo\demo.csproj", "{D6D9466B-4010-4CA1-9C69-0D1489CB1E96}"
EndProject
Project("{FAE04EC0-301F-11D3-BF4B-00C04F79EFBC}") = "BLL", "BLL\BLL.csproj", "{AE5BA755-6EC1-4E30-8B03-568CE1EFC569}"
EndProject
Project("{FAE04EC0-301F-11D3-BF4B-00C04F79EFBC}") = "DAL", "DAL\DAL.csproj", "{EEBB0F28-B11D-409A-9A3F-BBB51E9ADE7C}"
EndProject
Global
	GlobalSection(SolutionConfigurationPlatforms) = preSolution
		Debug|Any CPU = Debug|Any CPU
		Release|Any CPU = Release|Any CPU
	EndGlobalSection
	GlobalSection(ProjectConfigurationPlatforms) = postSolution
		{D6D9466B-4010-4CA1-9C69-0D1489CB1E96}.Debug|Any CPU.ActiveCfg = Debug|Any CPU
		{D6D9466B-4010-4CA1-9C69-0D1489CB1E96}.Debug|Any CPU.Build.0 = Debug|Any CPU
		{D6D9466B-4010-4CA1-9C69-0D1489CB1E96}.Release|Any CPU.ActiveCfg = Release|Any CPU
		{D6D9466B-4010-4CA1-9C69-0D1489CB1E96}.Release|Any CPU.Build.0 = Release|Any CPU
		{AE5BA755-6EC1-4E30-8B03-568CE1EFC569}.Debug|Any CPU.ActiveCfg = Debug|Any CPU
		{AE5BA755-6EC1-4E30-8B03-568CE1EFC569}.Debug|Any CPU.Build.0 = Debug|Any CPU
		{AE5BA755-6EC1-4E30-8B03-568CE1EFC569}.Release|Any CPU.ActiveCfg = Release|Any CPU
		{AE5BA755-6EC1-4E30-8B03-568CE1EFC569}.Release|Any CPU.Build.0 = Release|Any CPU
		{EEBB0F28-B11D-409A-9A3F-BBB51E9ADE7C}.Debug|Any CPU.ActiveCfg = Debug|Any CPU
		{EEBB0F28-B11D-409A-9A3F-BBB51E9ADE7C}.Debug|Any CPU.Build.0 = Debug|Any CPU
		{EEBB0F28-B11D-409A-9A3F-BBB51E9ADE7C}.Release|Any CPU.ActiveCfg = Release|Any CPU
		{EEBB0F28-B11D-409A-9A3F-BBB51E9ADE7C}.Release|Any CPU.Build.0 = Release|Any CPU
	EndGlobalSection
	GlobalSection(SolutionProperties) = preSolution
		HideSolutionNode = FALSE
	EndGlobalSection
	GlobalSection(ExtensibilityGlobals) = postSolution
		SolutionGuid = {ED78C3DB-E155-4768-8CF9-E3EFD87CADE9}
	EndGlobalSection
EndGlobal
